
Microsoft Visual Studio Solution File, Format Version 12.00
# Visual Studio Version 17
VisualStudioVersion = 17.6.33829.357
MinimumVisualStudioVersion = 10.0.40219.1
Project("{9A19103F-16F7-4668-BE54-9A1E7A4F7556}") = "Web_Ban_Giay_Asp_Net_Core", "Web_Ban_Giay_Asp_Net_Core.csproj", "{7C9F3DB0-BF2A-46A7-A272-BDB7D3DF1CB7}"
EndProject
Project("{FAE04EC0-301F-11D3-BF4B-00C04F79EFBC}") = "Test_App_Console", "..\Test_App_Console\Test_App_Console.csproj", "{0E388912-FF33-4B91-98D7-139893AA6BF7}"
EndProject
Global
	GlobalSection(SolutionConfigurationPlatforms) = preSolution
		Debug|Any CPU = Debug|Any CPU
		Release|Any CPU = Release|Any CPU
	EndGlobalSection
	GlobalSection(ProjectConfigurationPlatforms) = postSolution
		{7C9F3DB0-BF2A-46A7-A272-BDB7D3DF1CB7}.Debug|Any CPU.ActiveCfg = Debug|Any CPU
		{7C9F3DB0-BF2A-46A7-A272-BDB7D3DF1CB7}.Debug|Any CPU.Build.0 = Debug|Any CPU
		{7C9F3DB0-BF2A-46A7-A272-BDB7D3DF1CB7}.Release|Any CPU.ActiveCfg = Release|Any CPU
		{7C9F3DB0-BF2A-46A7-A272-BDB7D3DF1CB7}.Release|Any CPU.Build.0 = Release|Any CPU
		{0E388912-FF33-4B91-98D7-139893AA6BF7}.Debug|Any CPU.ActiveCfg = Debug|Any CPU
		{0E388912-FF33-4B91-98D7-139893AA6BF7}.Debug|Any CPU.Build.0 = Debug|Any CPU
		{0E388912-FF33-4B91-98D7-139893AA6BF7}.Release|Any CPU.ActiveCfg = Release|Any CPU
		{0E388912-FF33-4B91-98D7-139893AA6BF7}.Release|Any CPU.Build.0 = Release|Any CPU
	EndGlobalSection
	GlobalSection(SolutionProperties) = preSolution
		HideSolutionNode = FALSE
	EndGlobalSection
	GlobalSection(ExtensibilityGlobals) = postSolution
		SolutionGuid = {7F675F52-F1FE-422E-9553-3E9BEDFC809A}
	EndGlobalSection
EndGlobal
