
Microsoft Visual Studio Solution File, Format Version 12.00
# Visual Studio Version 17
VisualStudioVersion = 17.6.33829.357
MinimumVisualStudioVersion = 10.0.40219.1
Project("{9A19103F-16F7-4668-BE54-9A1E7A4F7556}") = "Web_Ban_Giay_Asp_Net_Core", "Web_Ban_Giay_Asp_Net_Core.csproj", "{7C9F3DB0-BF2A-46A7-A272-BDB7D3DF1CB7}"
EndProject
Project("{9A19103F-16F7-4668-BE54-9A1E7A4F7556}") = "Web_Ban_Giay_API_UnitTest", "..\Web_Ban_Giay_API_UnitTest\Web_Ban_Giay_API_UnitTest.csproj", "{D1E28892-A093-4161-8B73-910BDA78A7D9}"
EndProject
Project("{9A19103F-16F7-4668-BE54-9A1E7A4F7556}") = "DataTest", "..\DataTest\DataTest.csproj", "{2F358FF4-2FA1-423B-8A89-7EBA1FD56644}"
	ProjectSection(ProjectDependencies) = postProject
		{7C9F3DB0-BF2A-46A7-A272-BDB7D3DF1CB7} = {7C9F3DB0-BF2A-46A7-A272-BDB7D3DF1CB7}
	EndProjectSection
EndProject
Global
	GlobalSection(SolutionConfigurationPlatforms) = preSolution
		Debug|Any CPU = Debug|Any CPU
		Release|Any CPU = Release|Any CPU
	EndGlobalSection
	GlobalSection(ProjectConfigurationPlatforms) = postSolution
		{7C9F3DB0-BF2A-46A7-A272-BDB7D3DF1CB7}.Debug|Any CPU.ActiveCfg = Debug|Any CPU
		{7C9F3DB0-BF2A-46A7-A272-BDB7D3DF1CB7}.Debug|Any CPU.Build.0 = Debug|Any CPU
		{7C9F3DB0-BF2A-46A7-A272-BDB7D3DF1CB7}.Release|Any CPU.ActiveCfg = Release|Any CPU
		{7C9F3DB0-BF2A-46A7-A272-BDB7D3DF1CB7}.Release|Any CPU.Build.0 = Release|Any CPU
		{D1E28892-A093-4161-8B73-910BDA78A7D9}.Debug|Any CPU.ActiveCfg = Debug|Any CPU
		{D1E28892-A093-4161-8B73-910BDA78A7D9}.Debug|Any CPU.Build.0 = Debug|Any CPU
		{D1E28892-A093-4161-8B73-910BDA78A7D9}.Release|Any CPU.ActiveCfg = Release|Any CPU
		{D1E28892-A093-4161-8B73-910BDA78A7D9}.Release|Any CPU.Build.0 = Release|Any CPU
		{2F358FF4-2FA1-423B-8A89-7EBA1FD56644}.Debug|Any CPU.ActiveCfg = Debug|Any CPU
		{2F358FF4-2FA1-423B-8A89-7EBA1FD56644}.Debug|Any CPU.Build.0 = Debug|Any CPU
		{2F358FF4-2FA1-423B-8A89-7EBA1FD56644}.Release|Any CPU.ActiveCfg = Release|Any CPU
		{2F358FF4-2FA1-423B-8A89-7EBA1FD56644}.Release|Any CPU.Build.0 = Release|Any CPU
	EndGlobalSection
	GlobalSection(SolutionProperties) = preSolution
		HideSolutionNode = FALSE
	EndGlobalSection
	GlobalSection(ExtensibilityGlobals) = postSolution
		SolutionGuid = {7F675F52-F1FE-422E-9553-3E9BEDFC809A}
	EndGlobalSection
EndGlobal
